
Microsoft Visual Studio Solution File, Format Version 12.00
# Visual Studio Version 17
VisualStudioVersion = 17.8.34004.107
MinimumVisualStudioVersion = 10.0.40219.1
Project("{9A19103F-16F7-4668-BE54-9A1E7A4F7556}") = "Sample.Manufacturing.Dotnet.Api", "Sample.Manufacturing.Dotnet.Api\Sample.Manufacturing.Dotnet.Api.csproj", "{F878C78A-AF37-438E-A59E-030211EDFD41}"
EndProject
Project("{FAE04EC0-301F-11D3-BF4B-00C04F79EFBC}") = "Sample.Partner.Dotnet.Api", "Sample.Partner.Dotnet.Api\Sample.Partner.Dotnet.Api.csproj", "{291573C1-490F-493C-9372-CAC7935F47E2}"
EndProject
Global
	GlobalSection(SolutionConfigurationPlatforms) = preSolution
		Debug|Any CPU = Debug|Any CPU
		Release|Any CPU = Release|Any CPU
	EndGlobalSection
	GlobalSection(ProjectConfigurationPlatforms) = postSolution
		{F878C78A-AF37-438E-A59E-030211EDFD41}.Debug|Any CPU.ActiveCfg = Debug|Any CPU
		{F878C78A-AF37-438E-A59E-030211EDFD41}.Debug|Any CPU.Build.0 = Debug|Any CPU
		{F878C78A-AF37-438E-A59E-030211EDFD41}.Release|Any CPU.ActiveCfg = Release|Any CPU
		{F878C78A-AF37-438E-A59E-030211EDFD41}.Release|Any CPU.Build.0 = Release|Any CPU
		{291573C1-490F-493C-9372-CAC7935F47E2}.Debug|Any CPU.ActiveCfg = Debug|Any CPU
		{291573C1-490F-493C-9372-CAC7935F47E2}.Debug|Any CPU.Build.0 = Debug|Any CPU
		{291573C1-490F-493C-9372-CAC7935F47E2}.Release|Any CPU.ActiveCfg = Release|Any CPU
		{291573C1-490F-493C-9372-CAC7935F47E2}.Release|Any CPU.Build.0 = Release|Any CPU
	EndGlobalSection
	GlobalSection(SolutionProperties) = preSolution
		HideSolutionNode = FALSE
	EndGlobalSection
	GlobalSection(ExtensibilityGlobals) = postSolution
		SolutionGuid = {79368FEA-B894-48F4-AFA5-73EA529CEEF3}
	EndGlobalSection
EndGlobal
